
Microsoft Visual Studio Solution File, Format Version 12.00
# Visual Studio Version 16
VisualStudioVersion = 16.0.30114.105
MinimumVisualStudioVersion = 10.0.40219.1
Project("{2150E333-8FDC-42A3-9474-1A3956D46DE8}") = "Runtime", "Runtime", "{142A9A26-6B7A-4555-8F47-F8D153C38AD7}"
EndProject
Project("{FAE04EC0-301F-11D3-BF4B-00C04F79EFBC}") = "Main", "Runtime\Main\Main.csproj", "{0E32D118-3638-4AD2-8A48-1B3CED10D474}"
EndProject
Global
	GlobalSection(SolutionConfigurationPlatforms) = preSolution
		Debug|Any CPU = Debug|Any CPU
		Release|Any CPU = Release|Any CPU
	EndGlobalSection
	GlobalSection(SolutionProperties) = preSolution
		HideSolutionNode = FALSE
	EndGlobalSection
	GlobalSection(ProjectConfigurationPlatforms) = postSolution
		{0E32D118-3638-4AD2-8A48-1B3CED10D474}.Debug|Any CPU.ActiveCfg = Debug|Any CPU
		{0E32D118-3638-4AD2-8A48-1B3CED10D474}.Debug|Any CPU.Build.0 = Debug|Any CPU
		{0E32D118-3638-4AD2-8A48-1B3CED10D474}.Release|Any CPU.ActiveCfg = Release|Any CPU
		{0E32D118-3638-4AD2-8A48-1B3CED10D474}.Release|Any CPU.Build.0 = Release|Any CPU
	EndGlobalSection
	GlobalSection(NestedProjects) = preSolution
		{0E32D118-3638-4AD2-8A48-1B3CED10D474} = {142A9A26-6B7A-4555-8F47-F8D153C38AD7}
	EndGlobalSection
EndGlobal
